
Microsoft Visual Studio Solution File, Format Version 12.00
# Visual Studio Version 16
VisualStudioVersion = 16.0.32106.194
MinimumVisualStudioVersion = 10.0.40219.1
Project("{FAE04EC0-301F-11D3-BF4B-00C04F79EFBC}") = "classes", "classes\classes.csproj", "{C9DBB5B3-B59F-4027-B900-DA5FC64FAB89}"
EndProject
Global
	GlobalSection(SolutionConfigurationPlatforms) = preSolution
		Debug|Any CPU = Debug|Any CPU
		Release|Any CPU = Release|Any CPU
	EndGlobalSection
	GlobalSection(ProjectConfigurationPlatforms) = postSolution
		{C9DBB5B3-B59F-4027-B900-DA5FC64FAB89}.Debug|Any CPU.ActiveCfg = Debug|Any CPU
		{C9DBB5B3-B59F-4027-B900-DA5FC64FAB89}.Debug|Any CPU.Build.0 = Debug|Any CPU
		{C9DBB5B3-B59F-4027-B900-DA5FC64FAB89}.Release|Any CPU.ActiveCfg = Release|Any CPU
		{C9DBB5B3-B59F-4027-B900-DA5FC64FAB89}.Release|Any CPU.Build.0 = Release|Any CPU
	EndGlobalSection
	GlobalSection(SolutionProperties) = preSolution
		HideSolutionNode = FALSE
	EndGlobalSection
	GlobalSection(ExtensibilityGlobals) = postSolution
		SolutionGuid = {C95157A2-9231-4FAE-8F95-150B62F882B0}
	EndGlobalSection
EndGlobal
